
Microsoft Visual Studio Solution File, Format Version 12.00
# Visual Studio 2013
VisualStudioVersion = 12.0.21005.1
MinimumVisualStudioVersion = 10.0.40219.1
Project("{FAE04EC0-301F-11D3-BF4B-00C04F79EFBC}") = "School", "School\School.csproj", "{7F739E7D-227F-4DD1-88A5-17F5947E2144}"
EndProject
Project("{FAE04EC0-301F-11D3-BF4B-00C04F79EFBC}") = "School.Tests", "School.Tests\School.Tests.csproj", "{6E99A002-574C-4A8C-906C-E4C4FAB98013}"
EndProject
Project("{FAE04EC0-301F-11D3-BF4B-00C04F79EFBC}") = "Testing", "Testing\Testing.csproj", "{C162F822-90A4-4897-B325-7585AA491983}"
EndProject
Global
	GlobalSection(SolutionConfigurationPlatforms) = preSolution
		Debug|Any CPU = Debug|Any CPU
		Release|Any CPU = Release|Any CPU
	EndGlobalSection
	GlobalSection(ProjectConfigurationPlatforms) = postSolution
		{7F739E7D-227F-4DD1-88A5-17F5947E2144}.Debug|Any CPU.ActiveCfg = Debug|Any CPU
		{7F739E7D-227F-4DD1-88A5-17F5947E2144}.Debug|Any CPU.Build.0 = Debug|Any CPU
		{7F739E7D-227F-4DD1-88A5-17F5947E2144}.Release|Any CPU.ActiveCfg = Release|Any CPU
		{7F739E7D-227F-4DD1-88A5-17F5947E2144}.Release|Any CPU.Build.0 = Release|Any CPU
		{6E99A002-574C-4A8C-906C-E4C4FAB98013}.Debug|Any CPU.ActiveCfg = Debug|Any CPU
		{6E99A002-574C-4A8C-906C-E4C4FAB98013}.Debug|Any CPU.Build.0 = Debug|Any CPU
		{6E99A002-574C-4A8C-906C-E4C4FAB98013}.Release|Any CPU.ActiveCfg = Release|Any CPU
		{6E99A002-574C-4A8C-906C-E4C4FAB98013}.Release|Any CPU.Build.0 = Release|Any CPU
		{C162F822-90A4-4897-B325-7585AA491983}.Debug|Any CPU.ActiveCfg = Debug|Any CPU
		{C162F822-90A4-4897-B325-7585AA491983}.Debug|Any CPU.Build.0 = Debug|Any CPU
		{C162F822-90A4-4897-B325-7585AA491983}.Release|Any CPU.ActiveCfg = Release|Any CPU
		{C162F822-90A4-4897-B325-7585AA491983}.Release|Any CPU.Build.0 = Release|Any CPU
	EndGlobalSection
	GlobalSection(SolutionProperties) = preSolution
		HideSolutionNode = FALSE
	EndGlobalSection
EndGlobal
