
Microsoft Visual Studio Solution File, Format Version 12.00
# Visual Studio 14
VisualStudioVersion = 14.0.23107.0
MinimumVisualStudioVersion = 10.0.40219.1
Project("{FAE04EC0-301F-11D3-BF4B-00C04F79EFBC}") = "Toto", "Toto\Toto.csproj", "{9C02333B-7828-4F5E-A42C-67BBEFDD8703}"
EndProject
Project("{FAE04EC0-301F-11D3-BF4B-00C04F79EFBC}") = "Toto.Tests", "Toto.Tests\Toto.Tests.csproj", "{40EE1EAE-66F4-4FF4-B199-C81BCAE69381}"
EndProject
Global
	GlobalSection(SolutionConfigurationPlatforms) = preSolution
		Debug|Any CPU = Debug|Any CPU
		Release|Any CPU = Release|Any CPU
	EndGlobalSection
	GlobalSection(ProjectConfigurationPlatforms) = postSolution
		{9C02333B-7828-4F5E-A42C-67BBEFDD8703}.Debug|Any CPU.ActiveCfg = Debug|Any CPU
		{9C02333B-7828-4F5E-A42C-67BBEFDD8703}.Debug|Any CPU.Build.0 = Debug|Any CPU
		{9C02333B-7828-4F5E-A42C-67BBEFDD8703}.Release|Any CPU.ActiveCfg = Release|Any CPU
		{9C02333B-7828-4F5E-A42C-67BBEFDD8703}.Release|Any CPU.Build.0 = Release|Any CPU
		{40EE1EAE-66F4-4FF4-B199-C81BCAE69381}.Debug|Any CPU.ActiveCfg = Debug|Any CPU
		{40EE1EAE-66F4-4FF4-B199-C81BCAE69381}.Debug|Any CPU.Build.0 = Debug|Any CPU
		{40EE1EAE-66F4-4FF4-B199-C81BCAE69381}.Release|Any CPU.ActiveCfg = Release|Any CPU
		{40EE1EAE-66F4-4FF4-B199-C81BCAE69381}.Release|Any CPU.Build.0 = Release|Any CPU
	EndGlobalSection
	GlobalSection(SolutionProperties) = preSolution
		HideSolutionNode = FALSE
	EndGlobalSection
EndGlobal
